
Microsoft Visual Studio Solution File, Format Version 12.00
# Visual Studio 14
VisualStudioVersion = 14.0.24720.0
MinimumVisualStudioVersion = 10.0.40219.1
Project("{FAE04EC0-301F-11D3-BF4B-00C04F79EFBC}") = "Epam.Shop.UI", "Epam.Shop.UI\Epam.Shop.UI.csproj", "{CAC23D67-7864-4E23-90FF-CFF3A8BF7541}"
EndProject
Project("{2150E333-8FDC-42A3-9474-1A3956D46DE8}") = "Entities", "Entities", "{043E32A7-D7E0-4F34-8BC8-275F87E2CDC2}"
EndProject
Project("{FAE04EC0-301F-11D3-BF4B-00C04F79EFBC}") = "Epam.Shop.Entities", "Epam.Shop.Entities\Epam.Shop.Entities.csproj", "{80F376A7-5989-4B43-A043-A57D228CCFC1}"
EndProject
Project("{2150E333-8FDC-42A3-9474-1A3956D46DE8}") = "DAL", "DAL", "{78EB0BDA-EB30-4CD2-BCE7-33FEDE98A1F9}"
EndProject
Project("{FAE04EC0-301F-11D3-BF4B-00C04F79EFBC}") = "Epam.Shop.DAL.DB", "Epam.Shop.DAL.DB\Epam.Shop.DAL.DB.csproj", "{0974C357-77A9-4C95-877D-2EF67D778679}"
EndProject
Project("{2150E333-8FDC-42A3-9474-1A3956D46DE8}") = "BLL", "BLL", "{9EA2B013-82E2-4EC5-826F-1B94096C2D14}"
EndProject
Project("{FAE04EC0-301F-11D3-BF4B-00C04F79EFBC}") = "Epam.Shop.BLL", "Epam.Shop.BLL\Epam.Shop.BLL.csproj", "{3C6F0126-2264-4267-BB85-A78F5E6C2D45}"
EndProject
Project("{2150E333-8FDC-42A3-9474-1A3956D46DE8}") = "Interfaces", "Interfaces", "{9D38A04F-BF76-4693-8B67-EE5F8D6326AF}"
EndProject
Project("{FAE04EC0-301F-11D3-BF4B-00C04F79EFBC}") = "Epam.Shop.BLLInterface", "Epam.Shop.BLLInterface\Epam.Shop.BLLInterface.csproj", "{32EA82DC-60CE-48FF-AC7D-FBD59C092620}"
EndProject
Project("{FAE04EC0-301F-11D3-BF4B-00C04F79EFBC}") = "Epam.Shop.DALInterface", "Epam.Shop.DALInterface\Epam.Shop.DALInterface.csproj", "{BAD84204-AE57-4664-A9F1-834B2FD35A03}"
EndProject
Global
	GlobalSection(SolutionConfigurationPlatforms) = preSolution
		Debug|Any CPU = Debug|Any CPU
		Release|Any CPU = Release|Any CPU
	EndGlobalSection
	GlobalSection(ProjectConfigurationPlatforms) = postSolution
		{CAC23D67-7864-4E23-90FF-CFF3A8BF7541}.Debug|Any CPU.ActiveCfg = Debug|Any CPU
		{CAC23D67-7864-4E23-90FF-CFF3A8BF7541}.Debug|Any CPU.Build.0 = Debug|Any CPU
		{CAC23D67-7864-4E23-90FF-CFF3A8BF7541}.Release|Any CPU.ActiveCfg = Release|Any CPU
		{CAC23D67-7864-4E23-90FF-CFF3A8BF7541}.Release|Any CPU.Build.0 = Release|Any CPU
		{80F376A7-5989-4B43-A043-A57D228CCFC1}.Debug|Any CPU.ActiveCfg = Debug|Any CPU
		{80F376A7-5989-4B43-A043-A57D228CCFC1}.Debug|Any CPU.Build.0 = Debug|Any CPU
		{80F376A7-5989-4B43-A043-A57D228CCFC1}.Release|Any CPU.ActiveCfg = Release|Any CPU
		{80F376A7-5989-4B43-A043-A57D228CCFC1}.Release|Any CPU.Build.0 = Release|Any CPU
		{0974C357-77A9-4C95-877D-2EF67D778679}.Debug|Any CPU.ActiveCfg = Debug|Any CPU
		{0974C357-77A9-4C95-877D-2EF67D778679}.Debug|Any CPU.Build.0 = Debug|Any CPU
		{0974C357-77A9-4C95-877D-2EF67D778679}.Release|Any CPU.ActiveCfg = Release|Any CPU
		{0974C357-77A9-4C95-877D-2EF67D778679}.Release|Any CPU.Build.0 = Release|Any CPU
		{3C6F0126-2264-4267-BB85-A78F5E6C2D45}.Debug|Any CPU.ActiveCfg = Debug|Any CPU
		{3C6F0126-2264-4267-BB85-A78F5E6C2D45}.Debug|Any CPU.Build.0 = Debug|Any CPU
		{3C6F0126-2264-4267-BB85-A78F5E6C2D45}.Release|Any CPU.ActiveCfg = Release|Any CPU
		{3C6F0126-2264-4267-BB85-A78F5E6C2D45}.Release|Any CPU.Build.0 = Release|Any CPU
		{32EA82DC-60CE-48FF-AC7D-FBD59C092620}.Debug|Any CPU.ActiveCfg = Debug|Any CPU
		{32EA82DC-60CE-48FF-AC7D-FBD59C092620}.Debug|Any CPU.Build.0 = Debug|Any CPU
		{32EA82DC-60CE-48FF-AC7D-FBD59C092620}.Release|Any CPU.ActiveCfg = Release|Any CPU
		{32EA82DC-60CE-48FF-AC7D-FBD59C092620}.Release|Any CPU.Build.0 = Release|Any CPU
		{BAD84204-AE57-4664-A9F1-834B2FD35A03}.Debug|Any CPU.ActiveCfg = Debug|Any CPU
		{BAD84204-AE57-4664-A9F1-834B2FD35A03}.Debug|Any CPU.Build.0 = Debug|Any CPU
		{BAD84204-AE57-4664-A9F1-834B2FD35A03}.Release|Any CPU.ActiveCfg = Release|Any CPU
		{BAD84204-AE57-4664-A9F1-834B2FD35A03}.Release|Any CPU.Build.0 = Release|Any CPU
	EndGlobalSection
	GlobalSection(SolutionProperties) = preSolution
		HideSolutionNode = FALSE
	EndGlobalSection
	GlobalSection(NestedProjects) = preSolution
		{80F376A7-5989-4B43-A043-A57D228CCFC1} = {043E32A7-D7E0-4F34-8BC8-275F87E2CDC2}
		{0974C357-77A9-4C95-877D-2EF67D778679} = {78EB0BDA-EB30-4CD2-BCE7-33FEDE98A1F9}
		{3C6F0126-2264-4267-BB85-A78F5E6C2D45} = {9EA2B013-82E2-4EC5-826F-1B94096C2D14}
		{32EA82DC-60CE-48FF-AC7D-FBD59C092620} = {9D38A04F-BF76-4693-8B67-EE5F8D6326AF}
		{BAD84204-AE57-4664-A9F1-834B2FD35A03} = {9D38A04F-BF76-4693-8B67-EE5F8D6326AF}
	EndGlobalSection
EndGlobal
